// !$*UTF8*$!
{
	archiveVersion = 1;
	classes = {
	};
	objectVersion = 46;
	objects = {

/* Begin PBXBuildFile section */
		65650085E05C4D0670C75DBB /* libPods.a in Frameworks */ = {isa = PBXBuildFile; fileRef = ABB4652A8D61789B93D24D77 /* libPods.a */; };
		8A3BC6981C60E5B8009792FB /* main.m in Sources */ = {isa = PBXBuildFile; fileRef = 8A3BC6971C60E5B8009792FB /* main.m */; };
		8A3BC69B1C60E5B8009792FB /* AppDelegate.m in Sources */ = {isa = PBXBuildFile; fileRef = 8A3BC69A1C60E5B8009792FB /* AppDelegate.m */; };
		8A3BC6A11C60E5B8009792FB /* Main.storyboard in Resources */ = {isa = PBXBuildFile; fileRef = 8A3BC69F1C60E5B8009792FB /* Main.storyboard */; };
		8A3BC6A31C60E5B8009792FB /* Assets.xcassets in Resources */ = {isa = PBXBuildFile; fileRef = 8A3BC6A21C60E5B8009792FB /* Assets.xcassets */; };
		8A3BC6A61C60E5B8009792FB /* LaunchScreen.storyboard in Resources */ = {isa = PBXBuildFile; fileRef = 8A3BC6A41C60E5B8009792FB /* LaunchScreen.storyboard */; };
		8A3BC6B11C60E5B8009792FB /* welcome_iosTests.m in Sources */ = {isa = PBXBuildFile; fileRef = 8A3BC6B01C60E5B8009792FB /* welcome_iosTests.m */; };
		8A3BC6BC1C60E5B8009792FB /* welcome_iosUITests.m in Sources */ = {isa = PBXBuildFile; fileRef = 8A3BC6BB1C60E5B8009792FB /* welcome_iosUITests.m */; };
		8A3BC6D01C60EE9C009792FB /* SidebarViewController.m in Sources */ = {isa = PBXBuildFile; fileRef = 8A3BC6CF1C60EE9C009792FB /* SidebarViewController.m */; };
		8A3BC6D31C60EFDF009792FB /* HomeViewController.m in Sources */ = {isa = PBXBuildFile; fileRef = 8A3BC6D21C60EFDF009792FB /* HomeViewController.m */; };
		8A3BC6D61C60F2DB009792FB /* menu.png in Resources */ = {isa = PBXBuildFile; fileRef = 8A3BC6D41C60F2DB009792FB /* menu.png */; };
		8A3BC6D71C60F2DB009792FB /* menu@2x.png in Resources */ = {isa = PBXBuildFile; fileRef = 8A3BC6D51C60F2DB009792FB /* menu@2x.png */; };
		8A3BC6E21C613EAB009792FB /* ic_cloud.png in Resources */ = {isa = PBXBuildFile; fileRef = 8A3BC6DA1C613EAB009792FB /* ic_cloud.png */; };
		8A3BC6E31C613EAB009792FB /* ic_data.png in Resources */ = {isa = PBXBuildFile; fileRef = 8A3BC6DB1C613EAB009792FB /* ic_data.png */; };
		8A3BC6E41C613EAB009792FB /* ic_home.png in Resources */ = {isa = PBXBuildFile; fileRef = 8A3BC6DC1C613EAB009792FB /* ic_home.png */; };
		8A3BC6E51C613EAB009792FB /* ic_info.png in Resources */ = {isa = PBXBuildFile; fileRef = 8A3BC6DD1C613EAB009792FB /* ic_info.png */; };
		8A3BC6E61C613EAB009792FB /* ic_integration.png in Resources */ = {isa = PBXBuildFile; fileRef = 8A3BC6DE1C613EAB009792FB /* ic_integration.png */; };
		8A3BC6E71C613EAB009792FB /* ic_location.png in Resources */ = {isa = PBXBuildFile; fileRef = 8A3BC6DF1C613EAB009792FB /* ic_location.png */; };
		8A3BC6E81C613EAB009792FB /* ic_push.png in Resources */ = {isa = PBXBuildFile; fileRef = 8A3BC6E01C613EAB009792FB /* ic_push.png */; };
		8A3BC6E91C613EAB009792FB /* ic_statistics.png in Resources */ = {isa = PBXBuildFile; fileRef = 8A3BC6E11C613EAB009792FB /* ic_statistics.png */; };
		8A66DAF51C638BB000AF9FCC /* StatisticsViewController.m in Sources */ = {isa = PBXBuildFile; fileRef = 8A66DAF41C638BB000AF9FCC /* StatisticsViewController.m */; };
		8A66DAF81C63A56E00AF9FCC /* CallCloudViewController.m in Sources */ = {isa = PBXBuildFile; fileRef = 8A66DAF71C63A56E00AF9FCC /* CallCloudViewController.m */; };
		8A66DAFB1C63A5A700AF9FCC /* PushNotificationViewController.m in Sources */ = {isa = PBXBuildFile; fileRef = 8A66DAFA1C63A5A700AF9FCC /* PushNotificationViewController.m */; };
		8A66DAFE1C63A5DF00AF9FCC /* LocationViewController.m in Sources */ = {isa = PBXBuildFile; fileRef = 8A66DAFD1C63A5DF00AF9FCC /* LocationViewController.m */; };
		8A66DB011C63A61500AF9FCC /* DataBrowserViewController.m in Sources */ = {isa = PBXBuildFile; fileRef = 8A66DB001C63A61500AF9FCC /* DataBrowserViewController.m */; };
		8A66DB041C63A65200AF9FCC /* NativeAppInfoViewController.m in Sources */ = {isa = PBXBuildFile; fileRef = 8A66DB031C63A65200AF9FCC /* NativeAppInfoViewController.m */; };
		8A66DB071C63A67D00AF9FCC /* CloudIntegrationsViewController.m in Sources */ = {isa = PBXBuildFile; fileRef = 8A66DB061C63A67D00AF9FCC /* CloudIntegrationsViewController.m */; };
/* End PBXBuildFile section */

/* Begin PBXContainerItemProxy section */
		8A3BC6AD1C60E5B8009792FB /* PBXContainerItemProxy */ = {
			isa = PBXContainerItemProxy;
			containerPortal = 8A3BC68B1C60E5B8009792FB /* Project object */;
			proxyType = 1;
			remoteGlobalIDString = 8A3BC6921C60E5B8009792FB;
			remoteInfo = "welcome-ios";
		};
		8A3BC6B81C60E5B8009792FB /* PBXContainerItemProxy */ = {
			isa = PBXContainerItemProxy;
			containerPortal = 8A3BC68B1C60E5B8009792FB /* Project object */;
			proxyType = 1;
			remoteGlobalIDString = 8A3BC6921C60E5B8009792FB;
			remoteInfo = "welcome-ios";
		};
/* End PBXContainerItemProxy section */

/* Begin PBXFileReference section */
		8A3BC6931C60E5B8009792FB /* welcome-ios.app */ = {isa = PBXFileReference; explicitFileType = wrapper.application; includeInIndex = 0; path = "welcome-ios.app"; sourceTree = BUILT_PRODUCTS_DIR; };
		8A3BC6971C60E5B8009792FB /* main.m */ = {isa = PBXFileReference; lastKnownFileType = sourcecode.c.objc; path = main.m; sourceTree = "<group>"; };
		8A3BC6991C60E5B8009792FB /* AppDelegate.h */ = {isa = PBXFileReference; lastKnownFileType = sourcecode.c.h; path = AppDelegate.h; sourceTree = "<group>"; };
		8A3BC69A1C60E5B8009792FB /* AppDelegate.m */ = {isa = PBXFileReference; lastKnownFileType = sourcecode.c.objc; path = AppDelegate.m; sourceTree = "<group>"; };
		8A3BC6A01C60E5B8009792FB /* Base */ = {isa = PBXFileReference; lastKnownFileType = file.storyboard; name = Base; path = Base.lproj/Main.storyboard; sourceTree = "<group>"; };
		8A3BC6A21C60E5B8009792FB /* Assets.xcassets */ = {isa = PBXFileReference; lastKnownFileType = folder.assetcatalog; path = Assets.xcassets; sourceTree = "<group>"; };
		8A3BC6A51C60E5B8009792FB /* Base */ = {isa = PBXFileReference; lastKnownFileType = file.storyboard; name = Base; path = Base.lproj/LaunchScreen.storyboard; sourceTree = "<group>"; };
		8A3BC6A71C60E5B8009792FB /* Info.plist */ = {isa = PBXFileReference; lastKnownFileType = text.plist.xml; path = Info.plist; sourceTree = "<group>"; };
		8A3BC6AC1C60E5B8009792FB /* welcome-iosTests.xctest */ = {isa = PBXFileReference; explicitFileType = wrapper.cfbundle; includeInIndex = 0; path = "welcome-iosTests.xctest"; sourceTree = BUILT_PRODUCTS_DIR; };
		8A3BC6B01C60E5B8009792FB /* welcome_iosTests.m */ = {isa = PBXFileReference; lastKnownFileType = sourcecode.c.objc; path = welcome_iosTests.m; sourceTree = "<group>"; };
		8A3BC6B21C60E5B8009792FB /* Info.plist */ = {isa = PBXFileReference; lastKnownFileType = text.plist.xml; path = Info.plist; sourceTree = "<group>"; };
		8A3BC6B71C60E5B8009792FB /* welcome-iosUITests.xctest */ = {isa = PBXFileReference; explicitFileType = wrapper.cfbundle; includeInIndex = 0; path = "welcome-iosUITests.xctest"; sourceTree = BUILT_PRODUCTS_DIR; };
		8A3BC6BB1C60E5B8009792FB /* welcome_iosUITests.m */ = {isa = PBXFileReference; lastKnownFileType = sourcecode.c.objc; path = welcome_iosUITests.m; sourceTree = "<group>"; };
		8A3BC6BD1C60E5B8009792FB /* Info.plist */ = {isa = PBXFileReference; lastKnownFileType = text.plist.xml; path = Info.plist; sourceTree = "<group>"; };
		8A3BC6CE1C60EE9C009792FB /* SidebarViewController.h */ = {isa = PBXFileReference; fileEncoding = 4; lastKnownFileType = sourcecode.c.h; path = SidebarViewController.h; sourceTree = "<group>"; };
		8A3BC6CF1C60EE9C009792FB /* SidebarViewController.m */ = {isa = PBXFileReference; fileEncoding = 4; lastKnownFileType = sourcecode.c.objc; path = SidebarViewController.m; sourceTree = "<group>"; };
		8A3BC6D11C60EFDF009792FB /* HomeViewController.h */ = {isa = PBXFileReference; fileEncoding = 4; lastKnownFileType = sourcecode.c.h; path = HomeViewController.h; sourceTree = "<group>"; };
		8A3BC6D21C60EFDF009792FB /* HomeViewController.m */ = {isa = PBXFileReference; fileEncoding = 4; lastKnownFileType = sourcecode.c.objc; path = HomeViewController.m; sourceTree = "<group>"; };
		8A3BC6D41C60F2DB009792FB /* menu.png */ = {isa = PBXFileReference; lastKnownFileType = image.png; path = menu.png; sourceTree = "<group>"; };
		8A3BC6D51C60F2DB009792FB /* menu@2x.png */ = {isa = PBXFileReference; lastKnownFileType = image.png; path = "menu@2x.png"; sourceTree = "<group>"; };
		8A3BC6DA1C613EAB009792FB /* ic_cloud.png */ = {isa = PBXFileReference; lastKnownFileType = image.png; path = ic_cloud.png; sourceTree = "<group>"; };
		8A3BC6DB1C613EAB009792FB /* ic_data.png */ = {isa = PBXFileReference; lastKnownFileType = image.png; path = ic_data.png; sourceTree = "<group>"; };
		8A3BC6DC1C613EAB009792FB /* ic_home.png */ = {isa = PBXFileReference; lastKnownFileType = image.png; path = ic_home.png; sourceTree = "<group>"; };
		8A3BC6DD1C613EAB009792FB /* ic_info.png */ = {isa = PBXFileReference; lastKnownFileType = image.png; path = ic_info.png; sourceTree = "<group>"; };
		8A3BC6DE1C613EAB009792FB /* ic_integration.png */ = {isa = PBXFileReference; lastKnownFileType = image.png; path = ic_integration.png; sourceTree = "<group>"; };
		8A3BC6DF1C613EAB009792FB /* ic_location.png */ = {isa = PBXFileReference; lastKnownFileType = image.png; path = ic_location.png; sourceTree = "<group>"; };
		8A3BC6E01C613EAB009792FB /* ic_push.png */ = {isa = PBXFileReference; lastKnownFileType = image.png; path = ic_push.png; sourceTree = "<group>"; };
		8A3BC6E11C613EAB009792FB /* ic_statistics.png */ = {isa = PBXFileReference; lastKnownFileType = image.png; path = ic_statistics.png; sourceTree = "<group>"; };
		8A66DAF31C638BB000AF9FCC /* StatisticsViewController.h */ = {isa = PBXFileReference; fileEncoding = 4; lastKnownFileType = sourcecode.c.h; path = StatisticsViewController.h; sourceTree = "<group>"; };
		8A66DAF41C638BB000AF9FCC /* StatisticsViewController.m */ = {isa = PBXFileReference; fileEncoding = 4; lastKnownFileType = sourcecode.c.objc; path = StatisticsViewController.m; sourceTree = "<group>"; };
		8A66DAF61C63A56E00AF9FCC /* CallCloudViewController.h */ = {isa = PBXFileReference; fileEncoding = 4; lastKnownFileType = sourcecode.c.h; path = CallCloudViewController.h; sourceTree = "<group>"; };
		8A66DAF71C63A56E00AF9FCC /* CallCloudViewController.m */ = {isa = PBXFileReference; fileEncoding = 4; lastKnownFileType = sourcecode.c.objc; path = CallCloudViewController.m; sourceTree = "<group>"; };
		8A66DAF91C63A5A700AF9FCC /* PushNotificationViewController.h */ = {isa = PBXFileReference; fileEncoding = 4; lastKnownFileType = sourcecode.c.h; path = PushNotificationViewController.h; sourceTree = "<group>"; };
		8A66DAFA1C63A5A700AF9FCC /* PushNotificationViewController.m */ = {isa = PBXFileReference; fileEncoding = 4; lastKnownFileType = sourcecode.c.objc; path = PushNotificationViewController.m; sourceTree = "<group>"; };
		8A66DAFC1C63A5DF00AF9FCC /* LocationViewController.h */ = {isa = PBXFileReference; fileEncoding = 4; lastKnownFileType = sourcecode.c.h; path = LocationViewController.h; sourceTree = "<group>"; };
		8A66DAFD1C63A5DF00AF9FCC /* LocationViewController.m */ = {isa = PBXFileReference; fileEncoding = 4; lastKnownFileType = sourcecode.c.objc; path = LocationViewController.m; sourceTree = "<group>"; };
		8A66DAFF1C63A61500AF9FCC /* DataBrowserViewController.h */ = {isa = PBXFileReference; fileEncoding = 4; lastKnownFileType = sourcecode.c.h; path = DataBrowserViewController.h; sourceTree = "<group>"; };
		8A66DB001C63A61500AF9FCC /* DataBrowserViewController.m */ = {isa = PBXFileReference; fileEncoding = 4; lastKnownFileType = sourcecode.c.objc; path = DataBrowserViewController.m; sourceTree = "<group>"; };
		8A66DB021C63A65200AF9FCC /* NativeAppInfoViewController.h */ = {isa = PBXFileReference; fileEncoding = 4; lastKnownFileType = sourcecode.c.h; path = NativeAppInfoViewController.h; sourceTree = "<group>"; };
		8A66DB031C63A65200AF9FCC /* NativeAppInfoViewController.m */ = {isa = PBXFileReference; fileEncoding = 4; lastKnownFileType = sourcecode.c.objc; path = NativeAppInfoViewController.m; sourceTree = "<group>"; };
		8A66DB051C63A67D00AF9FCC /* CloudIntegrationsViewController.h */ = {isa = PBXFileReference; fileEncoding = 4; lastKnownFileType = sourcecode.c.h; path = CloudIntegrationsViewController.h; sourceTree = "<group>"; };
		8A66DB061C63A67D00AF9FCC /* CloudIntegrationsViewController.m */ = {isa = PBXFileReference; fileEncoding = 4; lastKnownFileType = sourcecode.c.objc; path = CloudIntegrationsViewController.m; sourceTree = "<group>"; };
		ABB4652A8D61789B93D24D77 /* libPods.a */ = {isa = PBXFileReference; explicitFileType = archive.ar; includeInIndex = 0; path = libPods.a; sourceTree = BUILT_PRODUCTS_DIR; };
		D01BCB111B0D4F872D2C8439 /* Pods.release.xcconfig */ = {isa = PBXFileReference; includeInIndex = 1; lastKnownFileType = text.xcconfig; name = Pods.release.xcconfig; path = "Pods/Target Support Files/Pods/Pods.release.xcconfig"; sourceTree = "<group>"; };
		FA663524E4341FF2F39871FC /* Pods.debug.xcconfig */ = {isa = PBXFileReference; includeInIndex = 1; lastKnownFileType = text.xcconfig; name = Pods.debug.xcconfig; path = "Pods/Target Support Files/Pods/Pods.debug.xcconfig"; sourceTree = "<group>"; };
/* End PBXFileReference section */

/* Begin PBXFrameworksBuildPhase section */
		8A3BC6901C60E5B8009792FB /* Frameworks */ = {
			isa = PBXFrameworksBuildPhase;
			buildActionMask = 2147483647;
			files = (
				65650085E05C4D0670C75DBB /* libPods.a in Frameworks */,
			);
			runOnlyForDeploymentPostprocessing = 0;
		};
		8A3BC6A91C60E5B8009792FB /* Frameworks */ = {
			isa = PBXFrameworksBuildPhase;
			buildActionMask = 2147483647;
			files = (
			);
			runOnlyForDeploymentPostprocessing = 0;
		};
		8A3BC6B41C60E5B8009792FB /* Frameworks */ = {
			isa = PBXFrameworksBuildPhase;
			buildActionMask = 2147483647;
			files = (
			);
			runOnlyForDeploymentPostprocessing = 0;
		};
/* End PBXFrameworksBuildPhase section */

/* Begin PBXGroup section */
		12E1754018C7EBA082A18B27 /* Pods */ = {
			isa = PBXGroup;
			children = (
				FA663524E4341FF2F39871FC /* Pods.debug.xcconfig */,
				D01BCB111B0D4F872D2C8439 /* Pods.release.xcconfig */,
			);
			name = Pods;
			sourceTree = "<group>";
		};
		8A3BC68A1C60E5B8009792FB = {
			isa = PBXGroup;
			children = (
				8A3BC6951C60E5B8009792FB /* welcome-ios */,
				8A3BC6AF1C60E5B8009792FB /* welcome-iosTests */,
				8A3BC6BA1C60E5B8009792FB /* welcome-iosUITests */,
				8A3BC6941C60E5B8009792FB /* Products */,
				12E1754018C7EBA082A18B27 /* Pods */,
				E9F9F0447F802C89D20BDBE1 /* Frameworks */,
			);
			sourceTree = "<group>";
		};
		8A3BC6941C60E5B8009792FB /* Products */ = {
			isa = PBXGroup;
			children = (
				8A3BC6931C60E5B8009792FB /* welcome-ios.app */,
				8A3BC6AC1C60E5B8009792FB /* welcome-iosTests.xctest */,
				8A3BC6B71C60E5B8009792FB /* welcome-iosUITests.xctest */,
			);
			name = Products;
			sourceTree = "<group>";
		};
		8A3BC6951C60E5B8009792FB /* welcome-ios */ = {
			isa = PBXGroup;
			children = (
				8A3BC6A41C60E5B8009792FB /* LaunchScreen.storyboard */,
				8A3BC69F1C60E5B8009792FB /* Main.storyboard */,
				8A3BC6991C60E5B8009792FB /* AppDelegate.h */,
				8A3BC69A1C60E5B8009792FB /* AppDelegate.m */,
				8A3BC6CE1C60EE9C009792FB /* SidebarViewController.h */,
				8A3BC6CF1C60EE9C009792FB /* SidebarViewController.m */,
				8A3BC6D11C60EFDF009792FB /* HomeViewController.h */,
				8A3BC6D21C60EFDF009792FB /* HomeViewController.m */,
				8A66DAF61C63A56E00AF9FCC /* CallCloudViewController.h */,
				8A66DAF71C63A56E00AF9FCC /* CallCloudViewController.m */,
				8A66DAF91C63A5A700AF9FCC /* PushNotificationViewController.h */,
				8A66DAFA1C63A5A700AF9FCC /* PushNotificationViewController.m */,
				8A66DAFC1C63A5DF00AF9FCC /* LocationViewController.h */,
				8A66DAFD1C63A5DF00AF9FCC /* LocationViewController.m */,
				8A66DAFF1C63A61500AF9FCC /* DataBrowserViewController.h */,
				8A66DB001C63A61500AF9FCC /* DataBrowserViewController.m */,
				8A66DB021C63A65200AF9FCC /* NativeAppInfoViewController.h */,
				8A66DB031C63A65200AF9FCC /* NativeAppInfoViewController.m */,
				8A66DB051C63A67D00AF9FCC /* CloudIntegrationsViewController.h */,
				8A66DB061C63A67D00AF9FCC /* CloudIntegrationsViewController.m */,
				8A66DAF31C638BB000AF9FCC /* StatisticsViewController.h */,
				8A66DAF41C638BB000AF9FCC /* StatisticsViewController.m */,
				8A3BC6A21C60E5B8009792FB /* Assets.xcassets */,
				8A3BC6A71C60E5B8009792FB /* Info.plist */,
				8A3BC6961C60E5B8009792FB /* Supporting Files */,
			);
			path = "welcome-ios";
			sourceTree = "<group>";
		};
		8A3BC6961C60E5B8009792FB /* Supporting Files */ = {
			isa = PBXGroup;
			children = (
				8A3BC6DA1C613EAB009792FB /* ic_cloud.png */,
				8A3BC6DB1C613EAB009792FB /* ic_data.png */,
				8A3BC6DC1C613EAB009792FB /* ic_home.png */,
				8A3BC6DD1C613EAB009792FB /* ic_info.png */,
				8A3BC6DE1C613EAB009792FB /* ic_integration.png */,
				8A3BC6DF1C613EAB009792FB /* ic_location.png */,
				8A3BC6E01C613EAB009792FB /* ic_push.png */,
				8A3BC6E11C613EAB009792FB /* ic_statistics.png */,
				8A3BC6D41C60F2DB009792FB /* menu.png */,
				8A3BC6D51C60F2DB009792FB /* menu@2x.png */,
				8A3BC6971C60E5B8009792FB /* main.m */,
			);
			name = "Supporting Files";
			sourceTree = "<group>";
		};
		8A3BC6AF1C60E5B8009792FB /* welcome-iosTests */ = {
			isa = PBXGroup;
			children = (
				8A3BC6B01C60E5B8009792FB /* welcome_iosTests.m */,
				8A3BC6B21C60E5B8009792FB /* Info.plist */,
			);
			path = "welcome-iosTests";
			sourceTree = "<group>";
		};
		8A3BC6BA1C60E5B8009792FB /* welcome-iosUITests */ = {
			isa = PBXGroup;
			children = (
				8A3BC6BB1C60E5B8009792FB /* welcome_iosUITests.m */,
				8A3BC6BD1C60E5B8009792FB /* Info.plist */,
			);
			path = "welcome-iosUITests";
			sourceTree = "<group>";
		};
		E9F9F0447F802C89D20BDBE1 /* Frameworks */ = {
			isa = PBXGroup;
			children = (
				ABB4652A8D61789B93D24D77 /* libPods.a */,
			);
			name = Frameworks;
			sourceTree = "<group>";
		};
/* End PBXGroup section */

/* Begin PBXNativeTarget section */
		8A3BC6921C60E5B8009792FB /* welcome-ios */ = {
			isa = PBXNativeTarget;
			buildConfigurationList = 8A3BC6C01C60E5B8009792FB /* Build configuration list for PBXNativeTarget "welcome-ios" */;
			buildPhases = (
				B48B8F732886AC3C92AFF335 /* Check Pods Manifest.lock */,
				8A3BC68F1C60E5B8009792FB /* Sources */,
				8A3BC6901C60E5B8009792FB /* Frameworks */,
				8A3BC6911C60E5B8009792FB /* Resources */,
				8663874257383F5EEDA33772 /* Embed Pods Frameworks */,
				AB499F43CAA113313BF9B5F4 /* Copy Pods Resources */,
			);
			buildRules = (
			);
			dependencies = (
			);
			name = "welcome-ios";
			productName = "welcome-ios";
			productReference = 8A3BC6931C60E5B8009792FB /* welcome-ios.app */;
			productType = "com.apple.product-type.application";
		};
		8A3BC6AB1C60E5B8009792FB /* welcome-iosTests */ = {
			isa = PBXNativeTarget;
			buildConfigurationList = 8A3BC6C31C60E5B8009792FB /* Build configuration list for PBXNativeTarget "welcome-iosTests" */;
			buildPhases = (
				8A3BC6A81C60E5B8009792FB /* Sources */,
				8A3BC6A91C60E5B8009792FB /* Frameworks */,
				8A3BC6AA1C60E5B8009792FB /* Resources */,
			);
			buildRules = (
			);
			dependencies = (
				8A3BC6AE1C60E5B8009792FB /* PBXTargetDependency */,
			);
			name = "welcome-iosTests";
			productName = "welcome-iosTests";
			productReference = 8A3BC6AC1C60E5B8009792FB /* welcome-iosTests.xctest */;
			productType = "com.apple.product-type.bundle.unit-test";
		};
		8A3BC6B61C60E5B8009792FB /* welcome-iosUITests */ = {
			isa = PBXNativeTarget;
			buildConfigurationList = 8A3BC6C61C60E5B8009792FB /* Build configuration list for PBXNativeTarget "welcome-iosUITests" */;
			buildPhases = (
				8A3BC6B31C60E5B8009792FB /* Sources */,
				8A3BC6B41C60E5B8009792FB /* Frameworks */,
				8A3BC6B51C60E5B8009792FB /* Resources */,
			);
			buildRules = (
			);
			dependencies = (
				8A3BC6B91C60E5B8009792FB /* PBXTargetDependency */,
			);
			name = "welcome-iosUITests";
			productName = "welcome-iosUITests";
			productReference = 8A3BC6B71C60E5B8009792FB /* welcome-iosUITests.xctest */;
			productType = "com.apple.product-type.bundle.ui-testing";
		};
/* End PBXNativeTarget section */

/* Begin PBXProject section */
		8A3BC68B1C60E5B8009792FB /* Project object */ = {
			isa = PBXProject;
			attributes = {
				LastUpgradeCheck = 0720;
				ORGANIZATIONNAME = "Red Hat";
				TargetAttributes = {
					8A3BC6921C60E5B8009792FB = {
						CreatedOnToolsVersion = 7.2;
					};
					8A3BC6AB1C60E5B8009792FB = {
						CreatedOnToolsVersion = 7.2;
						TestTargetID = 8A3BC6921C60E5B8009792FB;
					};
					8A3BC6B61C60E5B8009792FB = {
						CreatedOnToolsVersion = 7.2;
						TestTargetID = 8A3BC6921C60E5B8009792FB;
					};
				};
			};
			buildConfigurationList = 8A3BC68E1C60E5B8009792FB /* Build configuration list for PBXProject "welcome-ios" */;
			compatibilityVersion = "Xcode 3.2";
			developmentRegion = English;
			hasScannedForEncodings = 0;
			knownRegions = (
				en,
				Base,
			);
			mainGroup = 8A3BC68A1C60E5B8009792FB;
			productRefGroup = 8A3BC6941C60E5B8009792FB /* Products */;
			projectDirPath = "";
			projectRoot = "";
			targets = (
				8A3BC6921C60E5B8009792FB /* welcome-ios */,
				8A3BC6AB1C60E5B8009792FB /* welcome-iosTests */,
				8A3BC6B61C60E5B8009792FB /* welcome-iosUITests */,
			);
		};
/* End PBXProject section */

/* Begin PBXResourcesBuildPhase section */
		8A3BC6911C60E5B8009792FB /* Resources */ = {
			isa = PBXResourcesBuildPhase;
			buildActionMask = 2147483647;
			files = (
				8A3BC6D61C60F2DB009792FB /* menu.png in Resources */,
				8A3BC6E81C613EAB009792FB /* ic_push.png in Resources */,
				8A3BC6E61C613EAB009792FB /* ic_integration.png in Resources */,
				8A3BC6A61C60E5B8009792FB /* LaunchScreen.storyboard in Resources */,
				8A3BC6E41C613EAB009792FB /* ic_home.png in Resources */,
				8A3BC6D71C60F2DB009792FB /* menu@2x.png in Resources */,
				8A3BC6E31C613EAB009792FB /* ic_data.png in Resources */,
				8A3BC6E71C613EAB009792FB /* ic_location.png in Resources */,
				8A3BC6A31C60E5B8009792FB /* Assets.xcassets in Resources */,
				8A3BC6A11C60E5B8009792FB /* Main.storyboard in Resources */,
				8A3BC6E91C613EAB009792FB /* ic_statistics.png in Resources */,
				8A3BC6E51C613EAB009792FB /* ic_info.png in Resources */,
				8A3BC6E21C613EAB009792FB /* ic_cloud.png in Resources */,
			);
			runOnlyForDeploymentPostprocessing = 0;
		};
		8A3BC6AA1C60E5B8009792FB /* Resources */ = {
			isa = PBXResourcesBuildPhase;
			buildActionMask = 2147483647;
			files = (
			);
			runOnlyForDeploymentPostprocessing = 0;
		};
		8A3BC6B51C60E5B8009792FB /* Resources */ = {
			isa = PBXResourcesBuildPhase;
			buildActionMask = 2147483647;
			files = (
			);
			runOnlyForDeploymentPostprocessing = 0;
		};
/* End PBXResourcesBuildPhase section */

/* Begin PBXShellScriptBuildPhase section */
		8663874257383F5EEDA33772 /* Embed Pods Frameworks */ = {
			isa = PBXShellScriptBuildPhase;
			buildActionMask = 2147483647;
			files = (
			);
			inputPaths = (
			);
			name = "Embed Pods Frameworks";
			outputPaths = (
			);
			runOnlyForDeploymentPostprocessing = 0;
			shellPath = /bin/sh;
			shellScript = "\"${SRCROOT}/Pods/Target Support Files/Pods/Pods-frameworks.sh\"\n";
			showEnvVarsInLog = 0;
		};
		AB499F43CAA113313BF9B5F4 /* Copy Pods Resources */ = {
			isa = PBXShellScriptBuildPhase;
			buildActionMask = 2147483647;
			files = (
			);
			inputPaths = (
			);
			name = "Copy Pods Resources";
			outputPaths = (
			);
			runOnlyForDeploymentPostprocessing = 0;
			shellPath = /bin/sh;
			shellScript = "\"${SRCROOT}/Pods/Target Support Files/Pods/Pods-resources.sh\"\n";
			showEnvVarsInLog = 0;
		};
		B48B8F732886AC3C92AFF335 /* Check Pods Manifest.lock */ = {
			isa = PBXShellScriptBuildPhase;
			buildActionMask = 2147483647;
			files = (
			);
			inputPaths = (
			);
			name = "Check Pods Manifest.lock";
			outputPaths = (
			);
			runOnlyForDeploymentPostprocessing = 0;
			shellPath = /bin/sh;
			shellScript = "diff \"${PODS_ROOT}/../Podfile.lock\" \"${PODS_ROOT}/Manifest.lock\" > /dev/null\nif [[ $? != 0 ]] ; then\n    cat << EOM\nerror: The sandbox is not in sync with the Podfile.lock. Run 'pod install' or update your CocoaPods installation.\nEOM\n    exit 1\nfi\n";
			showEnvVarsInLog = 0;
		};
/* End PBXShellScriptBuildPhase section */

/* Begin PBXSourcesBuildPhase section */
		8A3BC68F1C60E5B8009792FB /* Sources */ = {
			isa = PBXSourcesBuildPhase;
			buildActionMask = 2147483647;
			files = (
				8A66DAF81C63A56E00AF9FCC /* CallCloudViewController.m in Sources */,
				8A66DAFB1C63A5A700AF9FCC /* PushNotificationViewController.m in Sources */,
				8A66DAF51C638BB000AF9FCC /* StatisticsViewController.m in Sources */,
				8A66DAFE1C63A5DF00AF9FCC /* LocationViewController.m in Sources */,
				8A66DB071C63A67D00AF9FCC /* CloudIntegrationsViewController.m in Sources */,
				8A3BC69B1C60E5B8009792FB /* AppDelegate.m in Sources */,
				8A66DB041C63A65200AF9FCC /* NativeAppInfoViewController.m in Sources */,
				8A3BC6981C60E5B8009792FB /* main.m in Sources */,
				8A3BC6D31C60EFDF009792FB /* HomeViewController.m in Sources */,
				8A66DB011C63A61500AF9FCC /* DataBrowserViewController.m in Sources */,
				8A3BC6D01C60EE9C009792FB /* SidebarViewController.m in Sources */,
			);
			runOnlyForDeploymentPostprocessing = 0;
		};
		8A3BC6A81C60E5B8009792FB /* Sources */ = {
			isa = PBXSourcesBuildPhase;
			buildActionMask = 2147483647;
			files = (
				8A3BC6B11C60E5B8009792FB /* welcome_iosTests.m in Sources */,
			);
			runOnlyForDeploymentPostprocessing = 0;
		};
		8A3BC6B31C60E5B8009792FB /* Sources */ = {
			isa = PBXSourcesBuildPhase;
			buildActionMask = 2147483647;
			files = (
				8A3BC6BC1C60E5B8009792FB /* welcome_iosUITests.m in Sources */,
			);
			runOnlyForDeploymentPostprocessing = 0;
		};
/* End PBXSourcesBuildPhase section */

/* Begin PBXTargetDependency section */
		8A3BC6AE1C60E5B8009792FB /* PBXTargetDependency */ = {
			isa = PBXTargetDependency;
			target = 8A3BC6921C60E5B8009792FB /* welcome-ios */;
			targetProxy = 8A3BC6AD1C60E5B8009792FB /* PBXContainerItemProxy */;
		};
		8A3BC6B91C60E5B8009792FB /* PBXTargetDependency */ = {
			isa = PBXTargetDependency;
			target = 8A3BC6921C60E5B8009792FB /* welcome-ios */;
			targetProxy = 8A3BC6B81C60E5B8009792FB /* PBXContainerItemProxy */;
		};
/* End PBXTargetDependency section */

/* Begin PBXVariantGroup section */
		8A3BC69F1C60E5B8009792FB /* Main.storyboard */ = {
			isa = PBXVariantGroup;
			children = (
				8A3BC6A01C60E5B8009792FB /* Base */,
			);
			name = Main.storyboard;
			sourceTree = "<group>";
		};
		8A3BC6A41C60E5B8009792FB /* LaunchScreen.storyboard */ = {
			isa = PBXVariantGroup;
			children = (
				8A3BC6A51C60E5B8009792FB /* Base */,
			);
			name = LaunchScreen.storyboard;
			sourceTree = "<group>";
		};
/* End PBXVariantGroup section */

/* Begin XCBuildConfiguration section */
		8A3BC6BE1C60E5B8009792FB /* Debug */ = {
			isa = XCBuildConfiguration;
			buildSettings = {
				ALWAYS_SEARCH_USER_PATHS = NO;
				CLANG_CXX_LANGUAGE_STANDARD = "gnu++0x";
				CLANG_CXX_LIBRARY = "libc++";
				CLANG_ENABLE_MODULES = YES;
				CLANG_ENABLE_OBJC_ARC = YES;
				CLANG_WARN_BOOL_CONVERSION = YES;
				CLANG_WARN_CONSTANT_CONVERSION = YES;
				CLANG_WARN_DIRECT_OBJC_ISA_USAGE = YES_ERROR;
				CLANG_WARN_EMPTY_BODY = YES;
				CLANG_WARN_ENUM_CONVERSION = YES;
				CLANG_WARN_INT_CONVERSION = YES;
				CLANG_WARN_OBJC_ROOT_CLASS = YES_ERROR;
				CLANG_WARN_UNREACHABLE_CODE = YES;
				CLANG_WARN__DUPLICATE_METHOD_MATCH = YES;
				"CODE_SIGN_IDENTITY[sdk=iphoneos*]" = "iPhone Developer";
				COPY_PHASE_STRIP = NO;
				DEBUG_INFORMATION_FORMAT = dwarf;
				ENABLE_STRICT_OBJC_MSGSEND = YES;
				ENABLE_TESTABILITY = YES;
				GCC_C_LANGUAGE_STANDARD = gnu99;
				GCC_DYNAMIC_NO_PIC = NO;
				GCC_NO_COMMON_BLOCKS = YES;
				GCC_OPTIMIZATION_LEVEL = 0;
				GCC_PREPROCESSOR_DEFINITIONS = (
					"DEBUG=1",
					"$(inherited)",
				);
				GCC_WARN_64_TO_32_BIT_CONVERSION = YES;
				GCC_WARN_ABOUT_RETURN_TYPE = YES_ERROR;
				GCC_WARN_UNDECLARED_SELECTOR = YES;
				GCC_WARN_UNINITIALIZED_AUTOS = YES_AGGRESSIVE;
				GCC_WARN_UNUSED_FUNCTION = YES;
				GCC_WARN_UNUSED_VARIABLE = YES;
				IPHONEOS_DEPLOYMENT_TARGET = 9.2;
				MTL_ENABLE_DEBUG_INFO = YES;
				ONLY_ACTIVE_ARCH = YES;
				SDKROOT = iphoneos;
			};
			name = Debug;
		};
		8A3BC6BF1C60E5B8009792FB /* Release */ = {
			isa = XCBuildConfiguration;
			buildSettings = {
				ALWAYS_SEARCH_USER_PATHS = NO;
				CLANG_CXX_LANGUAGE_STANDARD = "gnu++0x";
				CLANG_CXX_LIBRARY = "libc++";
				CLANG_ENABLE_MODULES = YES;
				CLANG_ENABLE_OBJC_ARC = YES;
				CLANG_WARN_BOOL_CONVERSION = YES;
				CLANG_WARN_CONSTANT_CONVERSION = YES;
				CLANG_WARN_DIRECT_OBJC_ISA_USAGE = YES_ERROR;
				CLANG_WARN_EMPTY_BODY = YES;
				CLANG_WARN_ENUM_CONVERSION = YES;
				CLANG_WARN_INT_CONVERSION = YES;
				CLANG_WARN_OBJC_ROOT_CLASS = YES_ERROR;
				CLANG_WARN_UNREACHABLE_CODE = YES;
				CLANG_WARN__DUPLICATE_METHOD_MATCH = YES;
				"CODE_SIGN_IDENTITY[sdk=iphoneos*]" = "iPhone Developer";
				COPY_PHASE_STRIP = NO;
				DEBUG_INFORMATION_FORMAT = "dwarf-with-dsym";
				ENABLE_NS_ASSERTIONS = NO;
				ENABLE_STRICT_OBJC_MSGSEND = YES;
				GCC_C_LANGUAGE_STANDARD = gnu99;
				GCC_NO_COMMON_BLOCKS = YES;
				GCC_WARN_64_TO_32_BIT_CONVERSION = YES;
				GCC_WARN_ABOUT_RETURN_TYPE = YES_ERROR;
				GCC_WARN_UNDECLARED_SELECTOR = YES;
				GCC_WARN_UNINITIALIZED_AUTOS = YES_AGGRESSIVE;
				GCC_WARN_UNUSED_FUNCTION = YES;
				GCC_WARN_UNUSED_VARIABLE = YES;
				IPHONEOS_DEPLOYMENT_TARGET = 9.2;
				MTL_ENABLE_DEBUG_INFO = NO;
				SDKROOT = iphoneos;
				VALIDATE_PRODUCT = YES;
			};
			name = Release;
		};
		8A3BC6C11C60E5B8009792FB /* Debug */ = {
			isa = XCBuildConfiguration;
			baseConfigurationReference = FA663524E4341FF2F39871FC /* Pods.debug.xcconfig */;
			buildSettings = {
				ASSETCATALOG_COMPILER_APPICON_NAME = AppIcon;
				INFOPLIST_FILE = "welcome-ios/Info.plist";
				LD_RUNPATH_SEARCH_PATHS = "$(inherited) @executable_path/Frameworks";
				PRODUCT_BUNDLE_IDENTIFIER = "com.feedhenry.welcome-ios";
				PRODUCT_NAME = "$(TARGET_NAME)";
			};
			name = Debug;
		};
		8A3BC6C21C60E5B8009792FB /* Release */ = {
			isa = XCBuildConfiguration;
			baseConfigurationReference = D01BCB111B0D4F872D2C8439 /* Pods.release.xcconfig */;
			buildSettings = {
				ASSETCATALOG_COMPILER_APPICON_NAME = AppIcon;
				INFOPLIST_FILE = "welcome-ios/Info.plist";
				LD_RUNPATH_SEARCH_PATHS = "$(inherited) @executable_path/Frameworks";
				PRODUCT_BUNDLE_IDENTIFIER = "com.feedhenry.welcome-ios";
				PRODUCT_NAME = "$(TARGET_NAME)";
			};
			name = Release;
		};
		8A3BC6C41C60E5B8009792FB /* Debug */ = {
			isa = XCBuildConfiguration;
			buildSettings = {
				BUNDLE_LOADER = "$(TEST_HOST)";
				INFOPLIST_FILE = "welcome-iosTests/Info.plist";
				LD_RUNPATH_SEARCH_PATHS = "$(inherited) @executable_path/Frameworks @loader_path/Frameworks";
				PRODUCT_BUNDLE_IDENTIFIER = "com.feedhenry.welcome-iosTests";
				PRODUCT_NAME = "$(TARGET_NAME)";
				TEST_HOST = "$(BUILT_PRODUCTS_DIR)/welcome-ios.app/welcome-ios";
			};
			name = Debug;
		};
		8A3BC6C51C60E5B8009792FB /* Release */ = {
			isa = XCBuildConfiguration;
			buildSettings = {
				BUNDLE_LOADER = "$(TEST_HOST)";
				INFOPLIST_FILE = "welcome-iosTests/Info.plist";
				LD_RUNPATH_SEARCH_PATHS = "$(inherited) @executable_path/Frameworks @loader_path/Frameworks";
				PRODUCT_BUNDLE_IDENTIFIER = "com.feedhenry.welcome-iosTests";
				PRODUCT_NAME = "$(TARGET_NAME)";
				TEST_HOST = "$(BUILT_PRODUCTS_DIR)/welcome-ios.app/welcome-ios";
			};
			name = Release;
		};
		8A3BC6C71C60E5B8009792FB /* Debug */ = {
			isa = XCBuildConfiguration;
			buildSettings = {
				INFOPLIST_FILE = "welcome-iosUITests/Info.plist";
				LD_RUNPATH_SEARCH_PATHS = "$(inherited) @executable_path/Frameworks @loader_path/Frameworks";
				PRODUCT_BUNDLE_IDENTIFIER = "com.feedhenry.welcome-iosUITests";
				PRODUCT_NAME = "$(TARGET_NAME)";
				TEST_TARGET_NAME = "welcome-ios";
				USES_XCTRUNNER = YES;
			};
			name = Debug;
		};
		8A3BC6C81C60E5B8009792FB /* Release */ = {
			isa = XCBuildConfiguration;
			buildSettings = {
				INFOPLIST_FILE = "welcome-iosUITests/Info.plist";
				LD_RUNPATH_SEARCH_PATHS = "$(inherited) @executable_path/Frameworks @loader_path/Frameworks";
				PRODUCT_BUNDLE_IDENTIFIER = "com.feedhenry.welcome-iosUITests";
				PRODUCT_NAME = "$(TARGET_NAME)";
				TEST_TARGET_NAME = "welcome-ios";
				USES_XCTRUNNER = YES;
			};
			name = Release;
		};
/* End XCBuildConfiguration section */

/* Begin XCConfigurationList section */
		8A3BC68E1C60E5B8009792FB /* Build configuration list for PBXProject "welcome-ios" */ = {
			isa = XCConfigurationList;
			buildConfigurations = (
				8A3BC6BE1C60E5B8009792FB /* Debug */,
				8A3BC6BF1C60E5B8009792FB /* Release */,
			);
			defaultConfigurationIsVisible = 0;
			defaultConfigurationName = Release;
		};
		8A3BC6C01C60E5B8009792FB /* Build configuration list for PBXNativeTarget "welcome-ios" */ = {
			isa = XCConfigurationList;
			buildConfigurations = (
				8A3BC6C11C60E5B8009792FB /* Debug */,
				8A3BC6C21C60E5B8009792FB /* Release */,
			);
			defaultConfigurationIsVisible = 0;
			defaultConfigurationName = Release;
		};
		8A3BC6C31C60E5B8009792FB /* Build configuration list for PBXNativeTarget "welcome-iosTests" */ = {
			isa = XCConfigurationList;
			buildConfigurations = (
				8A3BC6C41C60E5B8009792FB /* Debug */,
				8A3BC6C51C60E5B8009792FB /* Release */,
			);
			defaultConfigurationIsVisible = 0;
			defaultConfigurationName = Release;
		};
		8A3BC6C61C60E5B8009792FB /* Build configuration list for PBXNativeTarget "welcome-iosUITests" */ = {
			isa = XCConfigurationList;
			buildConfigurations = (
				8A3BC6C71C60E5B8009792FB /* Debug */,
				8A3BC6C81C60E5B8009792FB /* Release */,
			);
			defaultConfigurationIsVisible = 0;
			defaultConfigurationName = Release;
		};
/* End XCConfigurationList section */
	};
	rootObject = 8A3BC68B1C60E5B8009792FB /* Project object */;
}
